// !$*UTF8*$!
{
	archiveVersion = 1;
	classes = {
	};
	objectVersion = 56;
	objects = {

/* Begin PBXBuildFile section */
		9285126F290A185E00EFFB5E /* Moniteur_de_batteriesApp.swift in Sources */ = {isa = PBXBuildFile; fileRef = 9285126E290A185E00EFFB5E /* Moniteur_de_batteriesApp.swift */; };
		92851271290A185E00EFFB5E /* ContentView.swift in Sources */ = {isa = PBXBuildFile; fileRef = 92851270290A185E00EFFB5E /* ContentView.swift */; };
		92851273290A185E00EFFB5E /* Assets.xcassets in Resources */ = {isa = PBXBuildFile; fileRef = 92851272290A185E00EFFB5E /* Assets.xcassets */; };
		92851276290A185E00EFFB5E /* Preview Assets.xcassets in Resources */ = {isa = PBXBuildFile; fileRef = 92851275290A185E00EFFB5E /* Preview Assets.xcassets */; };
		92851280290A680500EFFB5E /* README.md in Resources */ = {isa = PBXBuildFile; fileRef = 9285127F290A680500EFFB5E /* README.md */; };
		92851282290A699200EFFB5E /* BattteryMonitorModel.swift in Sources */ = {isa = PBXBuildFile; fileRef = 92851281290A699200EFFB5E /* BattteryMonitorModel.swift */; };
		92851286290A6E8A00EFFB5E /* SFSymbols.swift in Sources */ = {isa = PBXBuildFile; fileRef = 92851285290A6E8A00EFFB5E /* SFSymbols.swift */; };
		9285128C290C523800EFFB5E /* LocalNotifications.swift in Sources */ = {isa = PBXBuildFile; fileRef = 9285128B290C523800EFFB5E /* LocalNotifications.swift */; };
		9285128E290C5E5600EFFB5E /* CommonFieldsModel.swift in Sources */ = {isa = PBXBuildFile; fileRef = 9285128D290C5E5600EFFB5E /* CommonFieldsModel.swift */; };
		92ED7FBB29113D1C007F0268 /* Demo.jpg in Resources */ = {isa = PBXBuildFile; fileRef = 92ED7FBA29113D1C007F0268 /* Demo.jpg */; };
/* End PBXBuildFile section */

/* Begin PBXFileReference section */
		9285126B290A185E00EFFB5E /* Moniteur de batteries.app */ = {isa = PBXFileReference; explicitFileType = wrapper.application; includeInIndex = 0; path = "Moniteur de batteries.app"; sourceTree = BUILT_PRODUCTS_DIR; };
		9285126E290A185E00EFFB5E /* Moniteur_de_batteriesApp.swift */ = {isa = PBXFileReference; lastKnownFileType = sourcecode.swift; path = Moniteur_de_batteriesApp.swift; sourceTree = "<group>"; };
		92851270290A185E00EFFB5E /* ContentView.swift */ = {isa = PBXFileReference; lastKnownFileType = sourcecode.swift; path = ContentView.swift; sourceTree = "<group>"; };
		92851272290A185E00EFFB5E /* Assets.xcassets */ = {isa = PBXFileReference; lastKnownFileType = folder.assetcatalog; path = Assets.xcassets; sourceTree = "<group>"; };
		92851275290A185E00EFFB5E /* Preview Assets.xcassets */ = {isa = PBXFileReference; lastKnownFileType = folder.assetcatalog; path = "Preview Assets.xcassets"; sourceTree = "<group>"; };
		92851277290A185E00EFFB5E /* Moniteur_de_batteries.entitlements */ = {isa = PBXFileReference; lastKnownFileType = text.plist.entitlements; path = Moniteur_de_batteries.entitlements; sourceTree = "<group>"; };
		9285127F290A680500EFFB5E /* README.md */ = {isa = PBXFileReference; fileEncoding = 4; lastKnownFileType = net.daringfireball.markdown; path = README.md; sourceTree = SOURCE_ROOT; };
		92851281290A699200EFFB5E /* BattteryMonitorModel.swift */ = {isa = PBXFileReference; lastKnownFileType = sourcecode.swift; path = BattteryMonitorModel.swift; sourceTree = "<group>"; };
		92851285290A6E8A00EFFB5E /* SFSymbols.swift */ = {isa = PBXFileReference; lastKnownFileType = sourcecode.swift; path = SFSymbols.swift; sourceTree = "<group>"; };
		9285128B290C523800EFFB5E /* LocalNotifications.swift */ = {isa = PBXFileReference; lastKnownFileType = sourcecode.swift; path = LocalNotifications.swift; sourceTree = "<group>"; };
		9285128D290C5E5600EFFB5E /* CommonFieldsModel.swift */ = {isa = PBXFileReference; fileEncoding = 4; lastKnownFileType = sourcecode.swift; path = CommonFieldsModel.swift; sourceTree = "<group>"; };
		92ED7FBA29113D1C007F0268 /* Demo.jpg */ = {isa = PBXFileReference; lastKnownFileType = image.jpeg; path = Demo.jpg; sourceTree = "<group>"; };
/* End PBXFileReference section */

/* Begin PBXFrameworksBuildPhase section */
		92851268290A185E00EFFB5E /* Frameworks */ = {
			isa = PBXFrameworksBuildPhase;
			buildActionMask = 2147483647;
			files = (
			);
			runOnlyForDeploymentPostprocessing = 0;
		};
/* End PBXFrameworksBuildPhase section */

/* Begin PBXGroup section */
		92851262290A185E00EFFB5E = {
			isa = PBXGroup;
			children = (
				9285127F290A680500EFFB5E /* README.md */,
				92ED7FBA29113D1C007F0268 /* Demo.jpg */,
				9285126D290A185E00EFFB5E /* Moniteur de batteries */,
				9285126C290A185E00EFFB5E /* Products */,
			);
			sourceTree = "<group>";
		};
		9285126C290A185E00EFFB5E /* Products */ = {
			isa = PBXGroup;
			children = (
				9285126B290A185E00EFFB5E /* Moniteur de batteries.app */,
			);
			name = Products;
			sourceTree = "<group>";
		};
		9285126D290A185E00EFFB5E /* Moniteur de batteries */ = {
			isa = PBXGroup;
			children = (
				9285126E290A185E00EFFB5E /* Moniteur_de_batteriesApp.swift */,
				92851270290A185E00EFFB5E /* ContentView.swift */,
				92851281290A699200EFFB5E /* BattteryMonitorModel.swift */,
				9285128D290C5E5600EFFB5E /* CommonFieldsModel.swift */,
				9285128B290C523800EFFB5E /* LocalNotifications.swift */,
				92851285290A6E8A00EFFB5E /* SFSymbols.swift */,
				92851272290A185E00EFFB5E /* Assets.xcassets */,
				92851277290A185E00EFFB5E /* Moniteur_de_batteries.entitlements */,
				92851274290A185E00EFFB5E /* Preview Content */,
			);
			path = "Moniteur de batteries";
			sourceTree = "<group>";
		};
		92851274290A185E00EFFB5E /* Preview Content */ = {
			isa = PBXGroup;
			children = (
				92851275290A185E00EFFB5E /* Preview Assets.xcassets */,
			);
			path = "Preview Content";
			sourceTree = "<group>";
		};
/* End PBXGroup section */

/* Begin PBXNativeTarget section */
		9285126A290A185E00EFFB5E /* Moniteur de batteries */ = {
			isa = PBXNativeTarget;
			buildConfigurationList = 9285127A290A185E00EFFB5E /* Build configuration list for PBXNativeTarget "Moniteur de batteries" */;
			buildPhases = (
				92851267290A185E00EFFB5E /* Sources */,
				92851268290A185E00EFFB5E /* Frameworks */,
				92851269290A185E00EFFB5E /* Resources */,
			);
			buildRules = (
			);
			dependencies = (
			);
			name = "Moniteur de batteries";
			productName = "Moniteur de batteries";
			productReference = 9285126B290A185E00EFFB5E /* Moniteur de batteries.app */;
			productType = "com.apple.product-type.application";
		};
/* End PBXNativeTarget section */

/* Begin PBXProject section */
		92851263290A185E00EFFB5E /* Project object */ = {
			isa = PBXProject;
			attributes = {
				BuildIndependentTargetsInParallel = 1;
				LastSwiftUpdateCheck = 1410;
				LastUpgradeCheck = 1410;
				TargetAttributes = {
					9285126A290A185E00EFFB5E = {
						CreatedOnToolsVersion = 14.1;
					};
				};
			};
			buildConfigurationList = 92851266290A185E00EFFB5E /* Build configuration list for PBXProject "Moniteur de batteries" */;
			compatibilityVersion = "Xcode 14.0";
			developmentRegion = en;
			hasScannedForEncodings = 0;
			knownRegions = (
				en,
				Base,
			);
			mainGroup = 92851262290A185E00EFFB5E;
			productRefGroup = 9285126C290A185E00EFFB5E /* Products */;
			projectDirPath = "";
			projectRoot = "";
			targets = (
				9285126A290A185E00EFFB5E /* Moniteur de batteries */,
			);
		};
/* End PBXProject section */

/* Begin PBXResourcesBuildPhase section */
		92851269290A185E00EFFB5E /* Resources */ = {
			isa = PBXResourcesBuildPhase;
			buildActionMask = 2147483647;
			files = (
				92ED7FBB29113D1C007F0268 /* Demo.jpg in Resources */,
				92851280290A680500EFFB5E /* README.md in Resources */,
				92851276290A185E00EFFB5E /* Preview Assets.xcassets in Resources */,
				92851273290A185E00EFFB5E /* Assets.xcassets in Resources */,
			);
			runOnlyForDeploymentPostprocessing = 0;
		};
/* End PBXResourcesBuildPhase section */

/* Begin PBXSourcesBuildPhase section */
		92851267290A185E00EFFB5E /* Sources */ = {
			isa = PBXSourcesBuildPhase;
			buildActionMask = 2147483647;
			files = (
				92851271290A185E00EFFB5E /* ContentView.swift in Sources */,
				92851286290A6E8A00EFFB5E /* SFSymbols.swift in Sources */,
				92851282290A699200EFFB5E /* BattteryMonitorModel.swift in Sources */,
				9285128E290C5E5600EFFB5E /* CommonFieldsModel.swift in Sources */,
				9285128C290C523800EFFB5E /* LocalNotifications.swift in Sources */,
				9285126F290A185E00EFFB5E /* Moniteur_de_batteriesApp.swift in Sources */,
			);
			runOnlyForDeploymentPostprocessing = 0;
		};
/* End PBXSourcesBuildPhase section */

/* Begin XCBuildConfiguration section */
		92851278290A185E00EFFB5E /* Debug */ = {
			isa = XCBuildConfiguration;
			buildSettings = {
				ALWAYS_SEARCH_USER_PATHS = NO;
				CLANG_ANALYZER_NONNULL = YES;
				CLANG_ANALYZER_NUMBER_OBJECT_CONVERSION = YES_AGGRESSIVE;
				CLANG_CXX_LANGUAGE_STANDARD = "gnu++20";
				CLANG_ENABLE_MODULES = YES;
				CLANG_ENABLE_OBJC_ARC = YES;
				CLANG_ENABLE_OBJC_WEAK = YES;
				CLANG_WARN_BLOCK_CAPTURE_AUTORELEASING = YES;
				CLANG_WARN_BOOL_CONVERSION = YES;
				CLANG_WARN_COMMA = YES;
				CLANG_WARN_CONSTANT_CONVERSION = YES;
				CLANG_WARN_DEPRECATED_OBJC_IMPLEMENTATIONS = YES;
				CLANG_WARN_DIRECT_OBJC_ISA_USAGE = YES_ERROR;
				CLANG_WARN_DOCUMENTATION_COMMENTS = YES;
				CLANG_WARN_EMPTY_BODY = YES;
				CLANG_WARN_ENUM_CONVERSION = YES;
				CLANG_WARN_INFINITE_RECURSION = YES;
				CLANG_WARN_INT_CONVERSION = YES;
				CLANG_WARN_NON_LITERAL_NULL_CONVERSION = YES;
				CLANG_WARN_OBJC_IMPLICIT_RETAIN_SELF = YES;
				CLANG_WARN_OBJC_LITERAL_CONVERSION = YES;
				CLANG_WARN_OBJC_ROOT_CLASS = YES_ERROR;
				CLANG_WARN_QUOTED_INCLUDE_IN_FRAMEWORK_HEADER = YES;
				CLANG_WARN_RANGE_LOOP_ANALYSIS = YES;
				CLANG_WARN_STRICT_PROTOTYPES = YES;
				CLANG_WARN_SUSPICIOUS_MOVE = YES;
				CLANG_WARN_UNGUARDED_AVAILABILITY = YES_AGGRESSIVE;
				CLANG_WARN_UNREACHABLE_CODE = YES;
				CLANG_WARN__DUPLICATE_METHOD_MATCH = YES;
				COPY_PHASE_STRIP = NO;
				DEBUG_INFORMATION_FORMAT = dwarf;
				ENABLE_STRICT_OBJC_MSGSEND = YES;
				ENABLE_TESTABILITY = YES;
				GCC_C_LANGUAGE_STANDARD = gnu11;
				GCC_DYNAMIC_NO_PIC = NO;
				GCC_NO_COMMON_BLOCKS = YES;
				GCC_OPTIMIZATION_LEVEL = 0;
				GCC_PREPROCESSOR_DEFINITIONS = (
					"DEBUG=1",
					"$(inherited)",
				);
				GCC_WARN_64_TO_32_BIT_CONVERSION = YES;
				GCC_WARN_ABOUT_RETURN_TYPE = YES_ERROR;
				GCC_WARN_UNDECLARED_SELECTOR = YES;
				GCC_WARN_UNINITIALIZED_AUTOS = YES_AGGRESSIVE;
				GCC_WARN_UNUSED_FUNCTION = YES;
				GCC_WARN_UNUSED_VARIABLE = YES;
				MACOSX_DEPLOYMENT_TARGET = 13.0;
				MTL_ENABLE_DEBUG_INFO = INCLUDE_SOURCE;
				MTL_FAST_MATH = YES;
				ONLY_ACTIVE_ARCH = YES;
				SDKROOT = macosx;
				SWIFT_ACTIVE_COMPILATION_CONDITIONS = DEBUG;
				SWIFT_OPTIMIZATION_LEVEL = "-Onone";
			};
			name = Debug;
		};
		92851279290A185E00EFFB5E /* Release */ = {
			isa = XCBuildConfiguration;
			buildSettings = {
				ALWAYS_SEARCH_USER_PATHS = NO;
				CLANG_ANALYZER_NONNULL = YES;
				CLANG_ANALYZER_NUMBER_OBJECT_CONVERSION = YES_AGGRESSIVE;
				CLANG_CXX_LANGUAGE_STANDARD = "gnu++20";
				CLANG_ENABLE_MODULES = YES;
				CLANG_ENABLE_OBJC_ARC = YES;
				CLANG_ENABLE_OBJC_WEAK = YES;
				CLANG_WARN_BLOCK_CAPTURE_AUTORELEASING = YES;
				CLANG_WARN_BOOL_CONVERSION = YES;
				CLANG_WARN_COMMA = YES;
				CLANG_WARN_CONSTANT_CONVERSION = YES;
				CLANG_WARN_DEPRECATED_OBJC_IMPLEMENTATIONS = YES;
				CLANG_WARN_DIRECT_OBJC_ISA_USAGE = YES_ERROR;
				CLANG_WARN_DOCUMENTATION_COMMENTS = YES;
				CLANG_WARN_EMPTY_BODY = YES;
				CLANG_WARN_ENUM_CONVERSION = YES;
				CLANG_WARN_INFINITE_RECURSION = YES;
				CLANG_WARN_INT_CONVERSION = YES;
				CLANG_WARN_NON_LITERAL_NULL_CONVERSION = YES;
				CLANG_WARN_OBJC_IMPLICIT_RETAIN_SELF = YES;
				CLANG_WARN_OBJC_LITERAL_CONVERSION = YES;
				CLANG_WARN_OBJC_ROOT_CLASS = YES_ERROR;
				CLANG_WARN_QUOTED_INCLUDE_IN_FRAMEWORK_HEADER = YES;
				CLANG_WARN_RANGE_LOOP_ANALYSIS = YES;
				CLANG_WARN_STRICT_PROTOTYPES = YES;
				CLANG_WARN_SUSPICIOUS_MOVE = YES;
				CLANG_WARN_UNGUARDED_AVAILABILITY = YES_AGGRESSIVE;
				CLANG_WARN_UNREACHABLE_CODE = YES;
				CLANG_WARN__DUPLICATE_METHOD_MATCH = YES;
				COPY_PHASE_STRIP = NO;
				DEBUG_INFORMATION_FORMAT = "dwarf-with-dsym";
				ENABLE_NS_ASSERTIONS = NO;
				ENABLE_STRICT_OBJC_MSGSEND = YES;
				GCC_C_LANGUAGE_STANDARD = gnu11;
				GCC_NO_COMMON_BLOCKS = YES;
				GCC_WARN_64_TO_32_BIT_CONVERSION = YES;
				GCC_WARN_ABOUT_RETURN_TYPE = YES_ERROR;
				GCC_WARN_UNDECLARED_SELECTOR = YES;
				GCC_WARN_UNINITIALIZED_AUTOS = YES_AGGRESSIVE;
				GCC_WARN_UNUSED_FUNCTION = YES;
				GCC_WARN_UNUSED_VARIABLE = YES;
				MACOSX_DEPLOYMENT_TARGET = 13.0;
				MTL_ENABLE_DEBUG_INFO = NO;
				MTL_FAST_MATH = YES;
				SDKROOT = macosx;
				SWIFT_COMPILATION_MODE = wholemodule;
				SWIFT_OPTIMIZATION_LEVEL = "-O";
			};
			name = Release;
		};
		9285127B290A185E00EFFB5E /* Debug */ = {
			isa = XCBuildConfiguration;
			buildSettings = {
				ASSETCATALOG_COMPILER_APPICON_NAME = AppIcon;
				ASSETCATALOG_COMPILER_GLOBAL_ACCENT_COLOR_NAME = AccentColor;
				CODE_SIGN_ENTITLEMENTS = "Moniteur de batteries/Moniteur_de_batteries.entitlements";
				CODE_SIGN_STYLE = Automatic;
				COMBINE_HIDPI_IMAGES = YES;
				CURRENT_PROJECT_VERSION = 1;
				DEVELOPMENT_ASSET_PATHS = "\"Moniteur de batteries/Preview Content\"";
				DEVELOPMENT_TEAM = 4QRJCR224P;
				ENABLE_HARDENED_RUNTIME = YES;
				ENABLE_PREVIEWS = YES;
				GENERATE_INFOPLIST_FILE = YES;
				INFOPLIST_KEY_LSApplicationCategoryType = "public.app-category.utilities";
				INFOPLIST_KEY_LSUIElement = YES;
				INFOPLIST_KEY_NSHumanReadableCopyright = "Copyright © 2022 Denis Blondeau. All rights reserved.";
				LD_RUNPATH_SEARCH_PATHS = (
					"$(inherited)",
					"@executable_path/../Frameworks",
				);
				MARKETING_VERSION = 1.0;
				PRODUCT_BUNDLE_IDENTIFIER = "com.denisblondeau.Moniteur-de-batteries";
				PRODUCT_NAME = "$(TARGET_NAME)";
				SWIFT_EMIT_LOC_STRINGS = YES;
				SWIFT_VERSION = 5.0;
			};
			name = Debug;
		};
		9285127C290A185E00EFFB5E /* Release */ = {
			isa = XCBuildConfiguration;
			buildSettings = {
				ASSETCATALOG_COMPILER_APPICON_NAME = AppIcon;
				ASSETCATALOG_COMPILER_GLOBAL_ACCENT_COLOR_NAME = AccentColor;
				CODE_SIGN_ENTITLEMENTS = "Moniteur de batteries/Moniteur_de_batteries.entitlements";
				CODE_SIGN_STYLE = Automatic;
				COMBINE_HIDPI_IMAGES = YES;
				CURRENT_PROJECT_VERSION = 1;
				DEVELOPMENT_ASSET_PATHS = "\"Moniteur de batteries/Preview Content\"";
				DEVELOPMENT_TEAM = 4QRJCR224P;
				ENABLE_HARDENED_RUNTIME = YES;
				ENABLE_PREVIEWS = YES;
				GENERATE_INFOPLIST_FILE = YES;
				INFOPLIST_KEY_LSApplicationCategoryType = "public.app-category.utilities";
				INFOPLIST_KEY_LSUIElement = YES;
				INFOPLIST_KEY_NSHumanReadableCopyright = "Copyright © 2022 Denis Blondeau. All rights reserved.";
				LD_RUNPATH_SEARCH_PATHS = (
					"$(inherited)",
					"@executable_path/../Frameworks",
				);
				MARKETING_VERSION = 1.0;
				PRODUCT_BUNDLE_IDENTIFIER = "com.denisblondeau.Moniteur-de-batteries";
				PRODUCT_NAME = "$(TARGET_NAME)";
				SWIFT_EMIT_LOC_STRINGS = YES;
				SWIFT_VERSION = 5.0;
			};
			name = Release;
		};
/* End XCBuildConfiguration section */

/* Begin XCConfigurationList section */
		92851266290A185E00EFFB5E /* Build configuration list for PBXProject "Moniteur de batteries" */ = {
			isa = XCConfigurationList;
			buildConfigurations = (
				92851278290A185E00EFFB5E /* Debug */,
				92851279290A185E00EFFB5E /* Release */,
			);
			defaultConfigurationIsVisible = 0;
			defaultConfigurationName = Release;
		};
		9285127A290A185E00EFFB5E /* Build configuration list for PBXNativeTarget "Moniteur de batteries" */ = {
			isa = XCConfigurationList;
			buildConfigurations = (
				9285127B290A185E00EFFB5E /* Debug */,
				9285127C290A185E00EFFB5E /* Release */,
			);
			defaultConfigurationIsVisible = 0;
			defaultConfigurationName = Release;
		};
/* End XCConfigurationList section */
	};
	rootObject = 92851263290A185E00EFFB5E /* Project object */;
}
